// !$*UTF8*$!
{
	archiveVersion = 1;
	classes = {
	};
	objectVersion = 46;
	objects = {

/* Begin PBXBuildFile section */
		A875EC201CE14FB10073F1FB /* AppDelegate.swift in Sources */ = {isa = PBXBuildFile; fileRef = A875EC1F1CE14FB10073F1FB /* AppDelegate.swift */; };
		A875EC221CE14FB10073F1FB /* SearchViewController.swift in Sources */ = {isa = PBXBuildFile; fileRef = A875EC211CE14FB10073F1FB /* SearchViewController.swift */; };
		A875EC251CE14FB10073F1FB /* Main.storyboard in Resources */ = {isa = PBXBuildFile; fileRef = A875EC231CE14FB10073F1FB /* Main.storyboard */; };
		A875EC271CE14FB10073F1FB /* Assets.xcassets in Resources */ = {isa = PBXBuildFile; fileRef = A875EC261CE14FB10073F1FB /* Assets.xcassets */; };
		A875EC321CE16A400073F1FB /* SearchResult.swift in Sources */ = {isa = PBXBuildFile; fileRef = A875EC311CE16A400073F1FB /* SearchResult.swift */; };
		A875EC391CE177270073F1FB /* SearchResultCell.swift in Sources */ = {isa = PBXBuildFile; fileRef = A875EC381CE177270073F1FB /* SearchResultCell.swift */; };
		A89B9EA71CE1C7AA009C5A23 /* UIImageView+DownloadImage.swift in Sources */ = {isa = PBXBuildFile; fileRef = A89B9EA61CE1C7AA009C5A23 /* UIImageView+DownloadImage.swift */; };
		A89B9EAA1CE1CAB3009C5A23 /* DimmingPresentationController.swift in Sources */ = {isa = PBXBuildFile; fileRef = A89B9EA91CE1CAB3009C5A23 /* DimmingPresentationController.swift */; };
		A89B9EAC1CE1CAC5009C5A23 /* GradientView.swift in Sources */ = {isa = PBXBuildFile; fileRef = A89B9EAB1CE1CAC5009C5A23 /* GradientView.swift */; };
		A89B9EAF1CE1CAD1009C5A23 /* BounceAnimationController.swift in Sources */ = {isa = PBXBuildFile; fileRef = A89B9EAD1CE1CAD1009C5A23 /* BounceAnimationController.swift */; };
		A89B9EB01CE1CAD1009C5A23 /* SlideOutAnimationController.swift in Sources */ = {isa = PBXBuildFile; fileRef = A89B9EAE1CE1CAD1009C5A23 /* SlideOutAnimationController.swift */; };
		A89B9EB21CE1CAE3009C5A23 /* DetailViewController.swift in Sources */ = {isa = PBXBuildFile; fileRef = A89B9EB11CE1CAE3009C5A23 /* DetailViewController.swift */; };
		A89B9EB41CE2B261009C5A23 /* LandscapeViewController.swift in Sources */ = {isa = PBXBuildFile; fileRef = A89B9EB31CE2B261009C5A23 /* LandscapeViewController.swift */; };
		A89B9EB61CE2BBAE009C5A23 /* FadeOutAnimationController.swift in Sources */ = {isa = PBXBuildFile; fileRef = A89B9EB51CE2BBAE009C5A23 /* FadeOutAnimationController.swift */; };
		A89B9EB81CE2F143009C5A23 /* Search.swift in Sources */ = {isa = PBXBuildFile; fileRef = A89B9EB71CE2F143009C5A23 /* Search.swift */; };
		A89B9EC01CE2FC2D009C5A23 /* NothingFoundCell.xib in Resources */ = {isa = PBXBuildFile; fileRef = A89B9EC21CE2FC2D009C5A23 /* NothingFoundCell.xib */; };
		A89B9EC41CE2FC92009C5A23 /* LoadingCell.xib in Resources */ = {isa = PBXBuildFile; fileRef = A89B9EC61CE2FC92009C5A23 /* LoadingCell.xib */; };
		A89B9ECB1CE2FDB2009C5A23 /* SearchResultCell.xib in Resources */ = {isa = PBXBuildFile; fileRef = A89B9ECD1CE2FDB2009C5A23 /* SearchResultCell.xib */; };
		A89B9ED01CE3020F009C5A23 /* Localizable.strings in Resources */ = {isa = PBXBuildFile; fileRef = A89B9ED21CE3020F009C5A23 /* Localizable.strings */; };
		A89B9ED61CE30845009C5A23 /* InfoPlist.strings in Resources */ = {isa = PBXBuildFile; fileRef = A89B9ED81CE30845009C5A23 /* InfoPlist.strings */; };
/* End PBXBuildFile section */

/* Begin PBXFileReference section */
		A875EC1C1CE14FB10073F1FB /* StoreSearch.app */ = {isa = PBXFileReference; explicitFileType = wrapper.application; includeInIndex = 0; path = StoreSearch.app; sourceTree = BUILT_PRODUCTS_DIR; };
		A875EC1F1CE14FB10073F1FB /* AppDelegate.swift */ = {isa = PBXFileReference; lastKnownFileType = sourcecode.swift; path = AppDelegate.swift; sourceTree = "<group>"; };
		A875EC211CE14FB10073F1FB /* SearchViewController.swift */ = {isa = PBXFileReference; lastKnownFileType = sourcecode.swift; path = SearchViewController.swift; sourceTree = "<group>"; };
		A875EC241CE14FB10073F1FB /* Base */ = {isa = PBXFileReference; lastKnownFileType = file.storyboard; name = Base; path = Base.lproj/Main.storyboard; sourceTree = "<group>"; };
		A875EC261CE14FB10073F1FB /* Assets.xcassets */ = {isa = PBXFileReference; lastKnownFileType = folder.assetcatalog; path = Assets.xcassets; sourceTree = "<group>"; };
		A875EC2B1CE14FB10073F1FB /* Info.plist */ = {isa = PBXFileReference; lastKnownFileType = text.plist.xml; path = Info.plist; sourceTree = "<group>"; };
		A875EC311CE16A400073F1FB /* SearchResult.swift */ = {isa = PBXFileReference; fileEncoding = 4; lastKnownFileType = sourcecode.swift; name = SearchResult.swift; path = ../SearchResult.swift; sourceTree = "<group>"; };
		A875EC381CE177270073F1FB /* SearchResultCell.swift */ = {isa = PBXFileReference; fileEncoding = 4; lastKnownFileType = sourcecode.swift; path = SearchResultCell.swift; sourceTree = "<group>"; };
		A89B9EA61CE1C7AA009C5A23 /* UIImageView+DownloadImage.swift */ = {isa = PBXFileReference; fileEncoding = 4; lastKnownFileType = sourcecode.swift; path = "UIImageView+DownloadImage.swift"; sourceTree = "<group>"; };
		A89B9EA91CE1CAB3009C5A23 /* DimmingPresentationController.swift */ = {isa = PBXFileReference; fileEncoding = 4; lastKnownFileType = sourcecode.swift; path = DimmingPresentationController.swift; sourceTree = "<group>"; };
		A89B9EAB1CE1CAC5009C5A23 /* GradientView.swift */ = {isa = PBXFileReference; fileEncoding = 4; lastKnownFileType = sourcecode.swift; path = GradientView.swift; sourceTree = "<group>"; };
		A89B9EAD1CE1CAD1009C5A23 /* BounceAnimationController.swift */ = {isa = PBXFileReference; fileEncoding = 4; lastKnownFileType = sourcecode.swift; path = BounceAnimationController.swift; sourceTree = "<group>"; };
		A89B9EAE1CE1CAD1009C5A23 /* SlideOutAnimationController.swift */ = {isa = PBXFileReference; fileEncoding = 4; lastKnownFileType = sourcecode.swift; path = SlideOutAnimationController.swift; sourceTree = "<group>"; };
		A89B9EB11CE1CAE3009C5A23 /* DetailViewController.swift */ = {isa = PBXFileReference; fileEncoding = 4; lastKnownFileType = sourcecode.swift; path = DetailViewController.swift; sourceTree = "<group>"; };
		A89B9EB31CE2B261009C5A23 /* LandscapeViewController.swift */ = {isa = PBXFileReference; fileEncoding = 4; lastKnownFileType = sourcecode.swift; path = LandscapeViewController.swift; sourceTree = "<group>"; };
		A89B9EB51CE2BBAE009C5A23 /* FadeOutAnimationController.swift */ = {isa = PBXFileReference; fileEncoding = 4; lastKnownFileType = sourcecode.swift; path = FadeOutAnimationController.swift; sourceTree = "<group>"; };
		A89B9EB71CE2F143009C5A23 /* Search.swift */ = {isa = PBXFileReference; fileEncoding = 4; lastKnownFileType = sourcecode.swift; path = Search.swift; sourceTree = "<group>"; };
		A89B9EC11CE2FC2D009C5A23 /* en */ = {isa = PBXFileReference; lastKnownFileType = file.xib; name = en; path = en.lproj/NothingFoundCell.xib; sourceTree = "<group>"; };
		A89B9EC31CE2FC4F009C5A23 /* nl */ = {isa = PBXFileReference; lastKnownFileType = file.xib; name = nl; path = nl.lproj/NothingFoundCell.xib; sourceTree = "<group>"; };
		A89B9EC51CE2FC92009C5A23 /* Base */ = {isa = PBXFileReference; lastKnownFileType = file.xib; name = Base; path = Base.lproj/LoadingCell.xib; sourceTree = "<group>"; };
		A89B9EC81CE2FCA5009C5A23 /* nl */ = {isa = PBXFileReference; lastKnownFileType = text.plist.strings; name = nl; path = nl.lproj/LoadingCell.strings; sourceTree = "<group>"; };
		A89B9ECA1CE2FD52009C5A23 /* nl */ = {isa = PBXFileReference; lastKnownFileType = text.plist.strings; name = nl; path = nl.lproj/Main.strings; sourceTree = "<group>"; };
		A89B9ECC1CE2FDB2009C5A23 /* Base */ = {isa = PBXFileReference; lastKnownFileType = file.xib; name = Base; path = Base.lproj/SearchResultCell.xib; sourceTree = "<group>"; };
		A89B9ED11CE3020F009C5A23 /* en */ = {isa = PBXFileReference; lastKnownFileType = text.plist.strings; name = en; path = en.lproj/Localizable.strings; sourceTree = "<group>"; };
		A89B9ED31CE30211009C5A23 /* nl */ = {isa = PBXFileReference; lastKnownFileType = text.plist.strings; name = nl; path = nl.lproj/Localizable.strings; sourceTree = "<group>"; };
		A89B9ED71CE30845009C5A23 /* Base */ = {isa = PBXFileReference; lastKnownFileType = text.plist.strings; name = Base; path = Base.lproj/InfoPlist.strings; sourceTree = "<group>"; };
		A89B9ED91CE3084B009C5A23 /* nl */ = {isa = PBXFileReference; lastKnownFileType = text.plist.strings; name = nl; path = nl.lproj/InfoPlist.strings; sourceTree = "<group>"; };
/* End PBXFileReference section */

/* Begin PBXFrameworksBuildPhase section */
		A875EC191CE14FB10073F1FB /* Frameworks */ = {
			isa = PBXFrameworksBuildPhase;
			buildActionMask = 2147483647;
			files = (
			);
			runOnlyForDeploymentPostprocessing = 0;
		};
/* End PBXFrameworksBuildPhase section */

/* Begin PBXGroup section */
		A875EC131CE14FB10073F1FB = {
			isa = PBXGroup;
			children = (
				A89B9ED21CE3020F009C5A23 /* Localizable.strings */,
				A875EC1E1CE14FB10073F1FB /* StoreSearch */,
				A875EC1D1CE14FB10073F1FB /* Products */,
			);
			sourceTree = "<group>";
		};
		A875EC1D1CE14FB10073F1FB /* Products */ = {
			isa = PBXGroup;
			children = (
				A875EC1C1CE14FB10073F1FB /* StoreSearch.app */,
			);
			name = Products;
			sourceTree = "<group>";
		};
		A875EC1E1CE14FB10073F1FB /* StoreSearch */ = {
			isa = PBXGroup;
			children = (
				A875EC331CE16A600073F1FB /* Supporting Files */,
				A875EC341CE16A7E0073F1FB /* Controllers */,
				A89B9EA81CE1CA32009C5A23 /* Views */,
				A875EC351CE16A8D0073F1FB /* Models */,
				A875EC231CE14FB10073F1FB /* Main.storyboard */,
			);
			path = StoreSearch;
			sourceTree = "<group>";
		};
		A875EC331CE16A600073F1FB /* Supporting Files */ = {
			isa = PBXGroup;
			children = (
				A875EC1F1CE14FB10073F1FB /* AppDelegate.swift */,
				A875EC261CE14FB10073F1FB /* Assets.xcassets */,
				A875EC2B1CE14FB10073F1FB /* Info.plist */,
				A89B9ED81CE30845009C5A23 /* InfoPlist.strings */,
			);
			name = "Supporting Files";
			sourceTree = "<group>";
		};
		A875EC341CE16A7E0073F1FB /* Controllers */ = {
			isa = PBXGroup;
			children = (
				A89B9EA61CE1C7AA009C5A23 /* UIImageView+DownloadImage.swift */,
				A875EC211CE14FB10073F1FB /* SearchViewController.swift */,
				A89B9EA91CE1CAB3009C5A23 /* DimmingPresentationController.swift */,
				A89B9EB11CE1CAE3009C5A23 /* DetailViewController.swift */,
				A89B9EB31CE2B261009C5A23 /* LandscapeViewController.swift */,
				A89B9EAD1CE1CAD1009C5A23 /* BounceAnimationController.swift */,
				A89B9EAE1CE1CAD1009C5A23 /* SlideOutAnimationController.swift */,
				A89B9EAB1CE1CAC5009C5A23 /* GradientView.swift */,
				A875EC381CE177270073F1FB /* SearchResultCell.swift */,
				A89B9EB51CE2BBAE009C5A23 /* FadeOutAnimationController.swift */,
			);
			name = Controllers;
			sourceTree = "<group>";
		};
		A875EC351CE16A8D0073F1FB /* Models */ = {
			isa = PBXGroup;
			children = (
				A89B9EB71CE2F143009C5A23 /* Search.swift */,
				A875EC311CE16A400073F1FB /* SearchResult.swift */,
			);
			name = Models;
			sourceTree = "<group>";
		};
		A89B9EA81CE1CA32009C5A23 /* Views */ = {
			isa = PBXGroup;
			children = (
				A89B9ECD1CE2FDB2009C5A23 /* SearchResultCell.xib */,
				A89B9EC61CE2FC92009C5A23 /* LoadingCell.xib */,
				A89B9EC21CE2FC2D009C5A23 /* NothingFoundCell.xib */,
			);
			name = Views;
			sourceTree = "<group>";
		};
/* End PBXGroup section */

/* Begin PBXNativeTarget section */
		A875EC1B1CE14FB10073F1FB /* StoreSearch */ = {
			isa = PBXNativeTarget;
			buildConfigurationList = A875EC2E1CE14FB10073F1FB /* Build configuration list for PBXNativeTarget "StoreSearch" */;
			buildPhases = (
				A875EC181CE14FB10073F1FB /* Sources */,
				A875EC191CE14FB10073F1FB /* Frameworks */,
				A875EC1A1CE14FB10073F1FB /* Resources */,
			);
			buildRules = (
			);
			dependencies = (
			);
			name = StoreSearch;
			productName = StoreSearch;
			productReference = A875EC1C1CE14FB10073F1FB /* StoreSearch.app */;
			productType = "com.apple.product-type.application";
		};
/* End PBXNativeTarget section */

/* Begin PBXProject section */
		A875EC141CE14FB10073F1FB /* Project object */ = {
			isa = PBXProject;
			attributes = {
				LastSwiftUpdateCheck = 0730;
				LastUpgradeCheck = 0730;
				ORGANIZATIONNAME = "Matthew Riddle";
				TargetAttributes = {
					A875EC1B1CE14FB10073F1FB = {
						CreatedOnToolsVersion = 7.3.1;
					};
				};
			};
			buildConfigurationList = A875EC171CE14FB10073F1FB /* Build configuration list for PBXProject "StoreSearch" */;
			compatibilityVersion = "Xcode 3.2";
			developmentRegion = English;
			hasScannedForEncodings = 0;
			knownRegions = (
				en,
				Base,
				nl,
			);
			mainGroup = A875EC131CE14FB10073F1FB;
			productRefGroup = A875EC1D1CE14FB10073F1FB /* Products */;
			projectDirPath = "";
			projectRoot = "";
			targets = (
				A875EC1B1CE14FB10073F1FB /* StoreSearch */,
			);
		};
/* End PBXProject section */

/* Begin PBXResourcesBuildPhase section */
		A875EC1A1CE14FB10073F1FB /* Resources */ = {
			isa = PBXResourcesBuildPhase;
			buildActionMask = 2147483647;
			files = (
				A875EC271CE14FB10073F1FB /* Assets.xcassets in Resources */,
				A89B9ED61CE30845009C5A23 /* InfoPlist.strings in Resources */,
				A89B9ED01CE3020F009C5A23 /* Localizable.strings in Resources */,
				A89B9EC41CE2FC92009C5A23 /* LoadingCell.xib in Resources */,
				A89B9ECB1CE2FDB2009C5A23 /* SearchResultCell.xib in Resources */,
				A89B9EC01CE2FC2D009C5A23 /* NothingFoundCell.xib in Resources */,
				A875EC251CE14FB10073F1FB /* Main.storyboard in Resources */,
			);
			runOnlyForDeploymentPostprocessing = 0;
		};
/* End PBXResourcesBuildPhase section */

/* Begin PBXSourcesBuildPhase section */
		A875EC181CE14FB10073F1FB /* Sources */ = {
			isa = PBXSourcesBuildPhase;
			buildActionMask = 2147483647;
			files = (
				A89B9EB81CE2F143009C5A23 /* Search.swift in Sources */,
				A875EC221CE14FB10073F1FB /* SearchViewController.swift in Sources */,
				A875EC321CE16A400073F1FB /* SearchResult.swift in Sources */,
				A89B9EB61CE2BBAE009C5A23 /* FadeOutAnimationController.swift in Sources */,
				A89B9EB01CE1CAD1009C5A23 /* SlideOutAnimationController.swift in Sources */,
				A89B9EAF1CE1CAD1009C5A23 /* BounceAnimationController.swift in Sources */,
				A875EC391CE177270073F1FB /* SearchResultCell.swift in Sources */,
				A89B9EB41CE2B261009C5A23 /* LandscapeViewController.swift in Sources */,
				A875EC201CE14FB10073F1FB /* AppDelegate.swift in Sources */,
				A89B9EAC1CE1CAC5009C5A23 /* GradientView.swift in Sources */,
				A89B9EB21CE1CAE3009C5A23 /* DetailViewController.swift in Sources */,
				A89B9EA71CE1C7AA009C5A23 /* UIImageView+DownloadImage.swift in Sources */,
				A89B9EAA1CE1CAB3009C5A23 /* DimmingPresentationController.swift in Sources */,
			);
			runOnlyForDeploymentPostprocessing = 0;
		};
/* End PBXSourcesBuildPhase section */

/* Begin PBXVariantGroup section */
		A875EC231CE14FB10073F1FB /* Main.storyboard */ = {
			isa = PBXVariantGroup;
			children = (
				A875EC241CE14FB10073F1FB /* Base */,
				A89B9ECA1CE2FD52009C5A23 /* nl */,
			);
			name = Main.storyboard;
			sourceTree = "<group>";
		};
		A89B9EC21CE2FC2D009C5A23 /* NothingFoundCell.xib */ = {
			isa = PBXVariantGroup;
			children = (
				A89B9EC11CE2FC2D009C5A23 /* en */,
				A89B9EC31CE2FC4F009C5A23 /* nl */,
			);
			name = NothingFoundCell.xib;
			sourceTree = "<group>";
		};
		A89B9EC61CE2FC92009C5A23 /* LoadingCell.xib */ = {
			isa = PBXVariantGroup;
			children = (
				A89B9EC51CE2FC92009C5A23 /* Base */,
				A89B9EC81CE2FCA5009C5A23 /* nl */,
			);
			name = LoadingCell.xib;
			path = ..;
			sourceTree = "<group>";
		};
		A89B9ECD1CE2FDB2009C5A23 /* SearchResultCell.xib */ = {
			isa = PBXVariantGroup;
			children = (
				A89B9ECC1CE2FDB2009C5A23 /* Base */,
			);
			name = SearchResultCell.xib;
			sourceTree = "<group>";
		};
		A89B9ED21CE3020F009C5A23 /* Localizable.strings */ = {
			isa = PBXVariantGroup;
			children = (
				A89B9ED11CE3020F009C5A23 /* en */,
				A89B9ED31CE30211009C5A23 /* nl */,
			);
			name = Localizable.strings;
			sourceTree = "<group>";
		};
		A89B9ED81CE30845009C5A23 /* InfoPlist.strings */ = {
			isa = PBXVariantGroup;
			children = (
				A89B9ED71CE30845009C5A23 /* Base */,
				A89B9ED91CE3084B009C5A23 /* nl */,
			);
			name = InfoPlist.strings;
			sourceTree = "<group>";
		};
/* End PBXVariantGroup section */

/* Begin XCBuildConfiguration section */
		A875EC2C1CE14FB10073F1FB /* Debug */ = {
			isa = XCBuildConfiguration;
			buildSettings = {
				ALWAYS_SEARCH_USER_PATHS = NO;
				CLANG_ANALYZER_NONNULL = YES;
				CLANG_CXX_LANGUAGE_STANDARD = "gnu++0x";
				CLANG_CXX_LIBRARY = "libc++";
				CLANG_ENABLE_MODULES = YES;
				CLANG_ENABLE_OBJC_ARC = YES;
				CLANG_WARN_BOOL_CONVERSION = YES;
				CLANG_WARN_CONSTANT_CONVERSION = YES;
				CLANG_WARN_DIRECT_OBJC_ISA_USAGE = YES_ERROR;
				CLANG_WARN_EMPTY_BODY = YES;
				CLANG_WARN_ENUM_CONVERSION = YES;
				CLANG_WARN_INT_CONVERSION = YES;
				CLANG_WARN_OBJC_ROOT_CLASS = YES_ERROR;
				CLANG_WARN_UNREACHABLE_CODE = YES;
				CLANG_WARN__DUPLICATE_METHOD_MATCH = YES;
				"CODE_SIGN_IDENTITY[sdk=iphoneos*]" = "iPhone Developer";
				COPY_PHASE_STRIP = NO;
				DEBUG_INFORMATION_FORMAT = dwarf;
				ENABLE_STRICT_OBJC_MSGSEND = YES;
				ENABLE_TESTABILITY = YES;
				GCC_C_LANGUAGE_STANDARD = gnu99;
				GCC_DYNAMIC_NO_PIC = NO;
				GCC_NO_COMMON_BLOCKS = YES;
				GCC_OPTIMIZATION_LEVEL = 0;
				GCC_PREPROCESSOR_DEFINITIONS = (
					"DEBUG=1",
					"$(inherited)",
				);
				GCC_WARN_64_TO_32_BIT_CONVERSION = YES;
				GCC_WARN_ABOUT_RETURN_TYPE = YES_ERROR;
				GCC_WARN_UNDECLARED_SELECTOR = YES;
				GCC_WARN_UNINITIALIZED_AUTOS = YES_AGGRESSIVE;
				GCC_WARN_UNUSED_FUNCTION = YES;
				GCC_WARN_UNUSED_VARIABLE = YES;
				IPHONEOS_DEPLOYMENT_TARGET = 9.3;
				MTL_ENABLE_DEBUG_INFO = YES;
				ONLY_ACTIVE_ARCH = YES;
				SDKROOT = iphoneos;
				SWIFT_OPTIMIZATION_LEVEL = "-Onone";
			};
			name = Debug;
		};
		A875EC2D1CE14FB10073F1FB /* Release */ = {
			isa = XCBuildConfiguration;
			buildSettings = {
				ALWAYS_SEARCH_USER_PATHS = NO;
				CLANG_ANALYZER_NONNULL = YES;
				CLANG_CXX_LANGUAGE_STANDARD = "gnu++0x";
				CLANG_CXX_LIBRARY = "libc++";
				CLANG_ENABLE_MODULES = YES;
				CLANG_ENABLE_OBJC_ARC = YES;
				CLANG_WARN_BOOL_CONVERSION = YES;
				CLANG_WARN_CONSTANT_CONVERSION = YES;
				CLANG_WARN_DIRECT_OBJC_ISA_USAGE = YES_ERROR;
				CLANG_WARN_EMPTY_BODY = YES;
				CLANG_WARN_ENUM_CONVERSION = YES;
				CLANG_WARN_INT_CONVERSION = YES;
				CLANG_WARN_OBJC_ROOT_CLASS = YES_ERROR;
				CLANG_WARN_UNREACHABLE_CODE = YES;
				CLANG_WARN__DUPLICATE_METHOD_MATCH = YES;
				"CODE_SIGN_IDENTITY[sdk=iphoneos*]" = "iPhone Developer";
				COPY_PHASE_STRIP = NO;
				DEBUG_INFORMATION_FORMAT = "dwarf-with-dsym";
				ENABLE_NS_ASSERTIONS = NO;
				ENABLE_STRICT_OBJC_MSGSEND = YES;
				GCC_C_LANGUAGE_STANDARD = gnu99;
				GCC_NO_COMMON_BLOCKS = YES;
				GCC_WARN_64_TO_32_BIT_CONVERSION = YES;
				GCC_WARN_ABOUT_RETURN_TYPE = YES_ERROR;
				GCC_WARN_UNDECLARED_SELECTOR = YES;
				GCC_WARN_UNINITIALIZED_AUTOS = YES_AGGRESSIVE;
				GCC_WARN_UNUSED_FUNCTION = YES;
				GCC_WARN_UNUSED_VARIABLE = YES;
				IPHONEOS_DEPLOYMENT_TARGET = 9.3;
				MTL_ENABLE_DEBUG_INFO = NO;
				SDKROOT = iphoneos;
				VALIDATE_PRODUCT = YES;
			};
			name = Release;
		};
		A875EC2F1CE14FB10073F1FB /* Debug */ = {
			isa = XCBuildConfiguration;
			buildSettings = {
				ASSETCATALOG_COMPILER_APPICON_NAME = AppIcon;
				INFOPLIST_FILE = StoreSearch/Info.plist;
				LD_RUNPATH_SEARCH_PATHS = "$(inherited) @executable_path/Frameworks";
				PRODUCT_BUNDLE_IDENTIFIER = com.mriddle.StoreSearch;
				PRODUCT_NAME = "$(TARGET_NAME)";
				TARGETED_DEVICE_FAMILY = "1,2";
			};
			name = Debug;
		};
		A875EC301CE14FB10073F1FB /* Release */ = {
			isa = XCBuildConfiguration;
			buildSettings = {
				ASSETCATALOG_COMPILER_APPICON_NAME = AppIcon;
				INFOPLIST_FILE = StoreSearch/Info.plist;
				LD_RUNPATH_SEARCH_PATHS = "$(inherited) @executable_path/Frameworks";
				PRODUCT_BUNDLE_IDENTIFIER = com.mriddle.StoreSearch;
				PRODUCT_NAME = "$(TARGET_NAME)";
				TARGETED_DEVICE_FAMILY = "1,2";
			};
			name = Release;
		};
/* End XCBuildConfiguration section */

/* Begin XCConfigurationList section */
		A875EC171CE14FB10073F1FB /* Build configuration list for PBXProject "StoreSearch" */ = {
			isa = XCConfigurationList;
			buildConfigurations = (
				A875EC2C1CE14FB10073F1FB /* Debug */,
				A875EC2D1CE14FB10073F1FB /* Release */,
			);
			defaultConfigurationIsVisible = 0;
			defaultConfigurationName = Release;
		};
		A875EC2E1CE14FB10073F1FB /* Build configuration list for PBXNativeTarget "StoreSearch" */ = {
			isa = XCConfigurationList;
			buildConfigurations = (
				A875EC2F1CE14FB10073F1FB /* Debug */,
				A875EC301CE14FB10073F1FB /* Release */,
			);
			defaultConfigurationIsVisible = 0;
			defaultConfigurationName = Release;
		};
/* End XCConfigurationList section */
	};
	rootObject = A875EC141CE14FB10073F1FB /* Project object */;
}
