// !$*UTF8*$!
{
	archiveVersion = 1;
	classes = {
	};
	objectVersion = 46;
	objects = {

/* Begin PBXBuildFile section */
		A875EC201CE14FB10073F1FB /* AppDelegate.swift in Sources */ = {isa = PBXBuildFile; fileRef = A875EC1F1CE14FB10073F1FB /* AppDelegate.swift */; };
		A875EC221CE14FB10073F1FB /* SearchViewController.swift in Sources */ = {isa = PBXBuildFile; fileRef = A875EC211CE14FB10073F1FB /* SearchViewController.swift */; };
		A875EC251CE14FB10073F1FB /* Main.storyboard in Resources */ = {isa = PBXBuildFile; fileRef = A875EC231CE14FB10073F1FB /* Main.storyboard */; };
		A875EC271CE14FB10073F1FB /* Assets.xcassets in Resources */ = {isa = PBXBuildFile; fileRef = A875EC261CE14FB10073F1FB /* Assets.xcassets */; };
		A875EC2A1CE14FB10073F1FB /* LaunchScreen.storyboard in Resources */ = {isa = PBXBuildFile; fileRef = A875EC281CE14FB10073F1FB /* LaunchScreen.storyboard */; };
		A875EC321CE16A400073F1FB /* SearchResult.swift in Sources */ = {isa = PBXBuildFile; fileRef = A875EC311CE16A400073F1FB /* SearchResult.swift */; };
		A875EC371CE173BF0073F1FB /* SearchResultCell.xib in Resources */ = {isa = PBXBuildFile; fileRef = A875EC361CE173BF0073F1FB /* SearchResultCell.xib */; };
		A875EC391CE177270073F1FB /* SearchResultCell.swift in Sources */ = {isa = PBXBuildFile; fileRef = A875EC381CE177270073F1FB /* SearchResultCell.swift */; };
		A875EC3B1CE18F830073F1FB /* NothingFoundCell.xib in Resources */ = {isa = PBXBuildFile; fileRef = A875EC3A1CE18F830073F1FB /* NothingFoundCell.xib */; };
		A89B9EA51CE1B3B6009C5A23 /* LoadingCell.xib in Resources */ = {isa = PBXBuildFile; fileRef = A89B9EA41CE1B3B6009C5A23 /* LoadingCell.xib */; };
/* End PBXBuildFile section */

/* Begin PBXFileReference section */
		A875EC1C1CE14FB10073F1FB /* StoreSearch.app */ = {isa = PBXFileReference; explicitFileType = wrapper.application; includeInIndex = 0; path = StoreSearch.app; sourceTree = BUILT_PRODUCTS_DIR; };
		A875EC1F1CE14FB10073F1FB /* AppDelegate.swift */ = {isa = PBXFileReference; lastKnownFileType = sourcecode.swift; path = AppDelegate.swift; sourceTree = "<group>"; };
		A875EC211CE14FB10073F1FB /* SearchViewController.swift */ = {isa = PBXFileReference; lastKnownFileType = sourcecode.swift; path = SearchViewController.swift; sourceTree = "<group>"; };
		A875EC241CE14FB10073F1FB /* Base */ = {isa = PBXFileReference; lastKnownFileType = file.storyboard; name = Base; path = Base.lproj/Main.storyboard; sourceTree = "<group>"; };
		A875EC261CE14FB10073F1FB /* Assets.xcassets */ = {isa = PBXFileReference; lastKnownFileType = folder.assetcatalog; path = Assets.xcassets; sourceTree = "<group>"; };
		A875EC291CE14FB10073F1FB /* Base */ = {isa = PBXFileReference; lastKnownFileType = file.storyboard; name = Base; path = Base.lproj/LaunchScreen.storyboard; sourceTree = "<group>"; };
		A875EC2B1CE14FB10073F1FB /* Info.plist */ = {isa = PBXFileReference; lastKnownFileType = text.plist.xml; path = Info.plist; sourceTree = "<group>"; };
		A875EC311CE16A400073F1FB /* SearchResult.swift */ = {isa = PBXFileReference; fileEncoding = 4; lastKnownFileType = sourcecode.swift; name = SearchResult.swift; path = ../SearchResult.swift; sourceTree = "<group>"; };
		A875EC361CE173BF0073F1FB /* SearchResultCell.xib */ = {isa = PBXFileReference; fileEncoding = 4; lastKnownFileType = file.xib; path = SearchResultCell.xib; sourceTree = "<group>"; };
		A875EC381CE177270073F1FB /* SearchResultCell.swift */ = {isa = PBXFileReference; fileEncoding = 4; lastKnownFileType = sourcecode.swift; path = SearchResultCell.swift; sourceTree = "<group>"; };
		A875EC3A1CE18F830073F1FB /* NothingFoundCell.xib */ = {isa = PBXFileReference; fileEncoding = 4; lastKnownFileType = file.xib; path = NothingFoundCell.xib; sourceTree = "<group>"; };
		A89B9EA41CE1B3B6009C5A23 /* LoadingCell.xib */ = {isa = PBXFileReference; fileEncoding = 4; lastKnownFileType = file.xib; name = LoadingCell.xib; path = ../LoadingCell.xib; sourceTree = "<group>"; };
/* End PBXFileReference section */

/* Begin PBXFrameworksBuildPhase section */
		A875EC191CE14FB10073F1FB /* Frameworks */ = {
			isa = PBXFrameworksBuildPhase;
			buildActionMask = 2147483647;
			files = (
			);
			runOnlyForDeploymentPostprocessing = 0;
		};
/* End PBXFrameworksBuildPhase section */

/* Begin PBXGroup section */
		A875EC131CE14FB10073F1FB = {
			isa = PBXGroup;
			children = (
				A875EC1E1CE14FB10073F1FB /* StoreSearch */,
				A875EC1D1CE14FB10073F1FB /* Products */,
			);
			sourceTree = "<group>";
		};
		A875EC1D1CE14FB10073F1FB /* Products */ = {
			isa = PBXGroup;
			children = (
				A875EC1C1CE14FB10073F1FB /* StoreSearch.app */,
			);
			name = Products;
			sourceTree = "<group>";
		};
		A875EC1E1CE14FB10073F1FB /* StoreSearch */ = {
			isa = PBXGroup;
			children = (
				A875EC331CE16A600073F1FB /* Supporting Files */,
				A875EC341CE16A7E0073F1FB /* Views */,
				A875EC351CE16A8D0073F1FB /* Models */,
				A875EC231CE14FB10073F1FB /* Main.storyboard */,
			);
			path = StoreSearch;
			sourceTree = "<group>";
		};
		A875EC331CE16A600073F1FB /* Supporting Files */ = {
			isa = PBXGroup;
			children = (
				A875EC1F1CE14FB10073F1FB /* AppDelegate.swift */,
				A875EC261CE14FB10073F1FB /* Assets.xcassets */,
				A875EC281CE14FB10073F1FB /* LaunchScreen.storyboard */,
				A875EC361CE173BF0073F1FB /* SearchResultCell.xib */,
				A89B9EA41CE1B3B6009C5A23 /* LoadingCell.xib */,
				A875EC3A1CE18F830073F1FB /* NothingFoundCell.xib */,
				A875EC2B1CE14FB10073F1FB /* Info.plist */,
			);
			name = "Supporting Files";
			sourceTree = "<group>";
		};
		A875EC341CE16A7E0073F1FB /* Views */ = {
			isa = PBXGroup;
			children = (
				A875EC211CE14FB10073F1FB /* SearchViewController.swift */,
				A875EC381CE177270073F1FB /* SearchResultCell.swift */,
			);
			name = Views;
			sourceTree = "<group>";
		};
		A875EC351CE16A8D0073F1FB /* Models */ = {
			isa = PBXGroup;
			children = (
				A875EC311CE16A400073F1FB /* SearchResult.swift */,
			);
			name = Models;
			sourceTree = "<group>";
		};
/* End PBXGroup section */

/* Begin PBXNativeTarget section */
		A875EC1B1CE14FB10073F1FB /* StoreSearch */ = {
			isa = PBXNativeTarget;
			buildConfigurationList = A875EC2E1CE14FB10073F1FB /* Build configuration list for PBXNativeTarget "StoreSearch" */;
			buildPhases = (
				A875EC181CE14FB10073F1FB /* Sources */,
				A875EC191CE14FB10073F1FB /* Frameworks */,
				A875EC1A1CE14FB10073F1FB /* Resources */,
			);
			buildRules = (
			);
			dependencies = (
			);
			name = StoreSearch;
			productName = StoreSearch;
			productReference = A875EC1C1CE14FB10073F1FB /* StoreSearch.app */;
			productType = "com.apple.product-type.application";
		};
/* End PBXNativeTarget section */

/* Begin PBXProject section */
		A875EC141CE14FB10073F1FB /* Project object */ = {
			isa = PBXProject;
			attributes = {
				LastSwiftUpdateCheck = 0730;
				LastUpgradeCheck = 0730;
				ORGANIZATIONNAME = "Matthew Riddle";
				TargetAttributes = {
					A875EC1B1CE14FB10073F1FB = {
						CreatedOnToolsVersion = 7.3.1;
					};
				};
			};
			buildConfigurationList = A875EC171CE14FB10073F1FB /* Build configuration list for PBXProject "StoreSearch" */;
			compatibilityVersion = "Xcode 3.2";
			developmentRegion = English;
			hasScannedForEncodings = 0;
			knownRegions = (
				en,
				Base,
			);
			mainGroup = A875EC131CE14FB10073F1FB;
			productRefGroup = A875EC1D1CE14FB10073F1FB /* Products */;
			projectDirPath = "";
			projectRoot = "";
			targets = (
				A875EC1B1CE14FB10073F1FB /* StoreSearch */,
			);
		};
/* End PBXProject section */

/* Begin PBXResourcesBuildPhase section */
		A875EC1A1CE14FB10073F1FB /* Resources */ = {
			isa = PBXResourcesBuildPhase;
			buildActionMask = 2147483647;
			files = (
				A875EC2A1CE14FB10073F1FB /* LaunchScreen.storyboard in Resources */,
				A875EC271CE14FB10073F1FB /* Assets.xcassets in Resources */,
				A89B9EA51CE1B3B6009C5A23 /* LoadingCell.xib in Resources */,
				A875EC371CE173BF0073F1FB /* SearchResultCell.xib in Resources */,
				A875EC3B1CE18F830073F1FB /* NothingFoundCell.xib in Resources */,
				A875EC251CE14FB10073F1FB /* Main.storyboard in Resources */,
			);
			runOnlyForDeploymentPostprocessing = 0;
		};
/* End PBXResourcesBuildPhase section */

/* Begin PBXSourcesBuildPhase section */
		A875EC181CE14FB10073F1FB /* Sources */ = {
			isa = PBXSourcesBuildPhase;
			buildActionMask = 2147483647;
			files = (
				A875EC221CE14FB10073F1FB /* SearchViewController.swift in Sources */,
				A875EC321CE16A400073F1FB /* SearchResult.swift in Sources */,
				A875EC391CE177270073F1FB /* SearchResultCell.swift in Sources */,
				A875EC201CE14FB10073F1FB /* AppDelegate.swift in Sources */,
			);
			runOnlyForDeploymentPostprocessing = 0;
		};
/* End PBXSourcesBuildPhase section */

/* Begin PBXVariantGroup section */
		A875EC231CE14FB10073F1FB /* Main.storyboard */ = {
			isa = PBXVariantGroup;
			children = (
				A875EC241CE14FB10073F1FB /* Base */,
			);
			name = Main.storyboard;
			sourceTree = "<group>";
		};
		A875EC281CE14FB10073F1FB /* LaunchScreen.storyboard */ = {
			isa = PBXVariantGroup;
			children = (
				A875EC291CE14FB10073F1FB /* Base */,
			);
			name = LaunchScreen.storyboard;
			sourceTree = "<group>";
		};
/* End PBXVariantGroup section */

/* Begin XCBuildConfiguration section */
		A875EC2C1CE14FB10073F1FB /* Debug */ = {
			isa = XCBuildConfiguration;
			buildSettings = {
				ALWAYS_SEARCH_USER_PATHS = NO;
				CLANG_ANALYZER_NONNULL = YES;
				CLANG_CXX_LANGUAGE_STANDARD = "gnu++0x";
				CLANG_CXX_LIBRARY = "libc++";
				CLANG_ENABLE_MODULES = YES;
				CLANG_ENABLE_OBJC_ARC = YES;
				CLANG_WARN_BOOL_CONVERSION = YES;
				CLANG_WARN_CONSTANT_CONVERSION = YES;
				CLANG_WARN_DIRECT_OBJC_ISA_USAGE = YES_ERROR;
				CLANG_WARN_EMPTY_BODY = YES;
				CLANG_WARN_ENUM_CONVERSION = YES;
				CLANG_WARN_INT_CONVERSION = YES;
				CLANG_WARN_OBJC_ROOT_CLASS = YES_ERROR;
				CLANG_WARN_UNREACHABLE_CODE = YES;
				CLANG_WARN__DUPLICATE_METHOD_MATCH = YES;
				"CODE_SIGN_IDENTITY[sdk=iphoneos*]" = "iPhone Developer";
				COPY_PHASE_STRIP = NO;
				DEBUG_INFORMATION_FORMAT = dwarf;
				ENABLE_STRICT_OBJC_MSGSEND = YES;
				ENABLE_TESTABILITY = YES;
				GCC_C_LANGUAGE_STANDARD = gnu99;
				GCC_DYNAMIC_NO_PIC = NO;
				GCC_NO_COMMON_BLOCKS = YES;
				GCC_OPTIMIZATION_LEVEL = 0;
				GCC_PREPROCESSOR_DEFINITIONS = (
					"DEBUG=1",
					"$(inherited)",
				);
				GCC_WARN_64_TO_32_BIT_CONVERSION = YES;
				GCC_WARN_ABOUT_RETURN_TYPE = YES_ERROR;
				GCC_WARN_UNDECLARED_SELECTOR = YES;
				GCC_WARN_UNINITIALIZED_AUTOS = YES_AGGRESSIVE;
				GCC_WARN_UNUSED_FUNCTION = YES;
				GCC_WARN_UNUSED_VARIABLE = YES;
				IPHONEOS_DEPLOYMENT_TARGET = 9.3;
				MTL_ENABLE_DEBUG_INFO = YES;
				ONLY_ACTIVE_ARCH = YES;
				SDKROOT = iphoneos;
				SWIFT_OPTIMIZATION_LEVEL = "-Onone";
			};
			name = Debug;
		};
		A875EC2D1CE14FB10073F1FB /* Release */ = {
			isa = XCBuildConfiguration;
			buildSettings = {
				ALWAYS_SEARCH_USER_PATHS = NO;
				CLANG_ANALYZER_NONNULL = YES;
				CLANG_CXX_LANGUAGE_STANDARD = "gnu++0x";
				CLANG_CXX_LIBRARY = "libc++";
				CLANG_ENABLE_MODULES = YES;
				CLANG_ENABLE_OBJC_ARC = YES;
				CLANG_WARN_BOOL_CONVERSION = YES;
				CLANG_WARN_CONSTANT_CONVERSION = YES;
				CLANG_WARN_DIRECT_OBJC_ISA_USAGE = YES_ERROR;
				CLANG_WARN_EMPTY_BODY = YES;
				CLANG_WARN_ENUM_CONVERSION = YES;
				CLANG_WARN_INT_CONVERSION = YES;
				CLANG_WARN_OBJC_ROOT_CLASS = YES_ERROR;
				CLANG_WARN_UNREACHABLE_CODE = YES;
				CLANG_WARN__DUPLICATE_METHOD_MATCH = YES;
				"CODE_SIGN_IDENTITY[sdk=iphoneos*]" = "iPhone Developer";
				COPY_PHASE_STRIP = NO;
				DEBUG_INFORMATION_FORMAT = "dwarf-with-dsym";
				ENABLE_NS_ASSERTIONS = NO;
				ENABLE_STRICT_OBJC_MSGSEND = YES;
				GCC_C_LANGUAGE_STANDARD = gnu99;
				GCC_NO_COMMON_BLOCKS = YES;
				GCC_WARN_64_TO_32_BIT_CONVERSION = YES;
				GCC_WARN_ABOUT_RETURN_TYPE = YES_ERROR;
				GCC_WARN_UNDECLARED_SELECTOR = YES;
				GCC_WARN_UNINITIALIZED_AUTOS = YES_AGGRESSIVE;
				GCC_WARN_UNUSED_FUNCTION = YES;
				GCC_WARN_UNUSED_VARIABLE = YES;
				IPHONEOS_DEPLOYMENT_TARGET = 9.3;
				MTL_ENABLE_DEBUG_INFO = NO;
				SDKROOT = iphoneos;
				VALIDATE_PRODUCT = YES;
			};
			name = Release;
		};
		A875EC2F1CE14FB10073F1FB /* Debug */ = {
			isa = XCBuildConfiguration;
			buildSettings = {
				ASSETCATALOG_COMPILER_APPICON_NAME = AppIcon;
				INFOPLIST_FILE = StoreSearch/Info.plist;
				LD_RUNPATH_SEARCH_PATHS = "$(inherited) @executable_path/Frameworks";
				PRODUCT_BUNDLE_IDENTIFIER = com.mriddle.StoreSearch;
				PRODUCT_NAME = "$(TARGET_NAME)";
			};
			name = Debug;
		};
		A875EC301CE14FB10073F1FB /* Release */ = {
			isa = XCBuildConfiguration;
			buildSettings = {
				ASSETCATALOG_COMPILER_APPICON_NAME = AppIcon;
				INFOPLIST_FILE = StoreSearch/Info.plist;
				LD_RUNPATH_SEARCH_PATHS = "$(inherited) @executable_path/Frameworks";
				PRODUCT_BUNDLE_IDENTIFIER = com.mriddle.StoreSearch;
				PRODUCT_NAME = "$(TARGET_NAME)";
			};
			name = Release;
		};
/* End XCBuildConfiguration section */

/* Begin XCConfigurationList section */
		A875EC171CE14FB10073F1FB /* Build configuration list for PBXProject "StoreSearch" */ = {
			isa = XCConfigurationList;
			buildConfigurations = (
				A875EC2C1CE14FB10073F1FB /* Debug */,
				A875EC2D1CE14FB10073F1FB /* Release */,
			);
			defaultConfigurationIsVisible = 0;
			defaultConfigurationName = Release;
		};
		A875EC2E1CE14FB10073F1FB /* Build configuration list for PBXNativeTarget "StoreSearch" */ = {
			isa = XCConfigurationList;
			buildConfigurations = (
				A875EC2F1CE14FB10073F1FB /* Debug */,
				A875EC301CE14FB10073F1FB /* Release */,
			);
			defaultConfigurationIsVisible = 0;
			defaultConfigurationName = Release;
		};
/* End XCConfigurationList section */
	};
	rootObject = A875EC141CE14FB10073F1FB /* Project object */;
}
